// !$*UTF8*$!
{
	archiveVersion = 1;
	classes = {
	};
	objectVersion = 77;
	objects = {

/* Begin PBXBuildFile section */
		1C4102A22E5867390026066E /* ContentView.swift in Sources */ = {isa = PBXBuildFile; fileRef = 1C41029E2E5867390026066E /* ContentView.swift */; };
		1C4102A32E5867390026066E /* RepoSApp.swift in Sources */ = {isa = PBXBuildFile; fileRef = 1C4102A02E5867390026066E /* RepoSApp.swift */; };
		1C4102A42E5867390026066E /* Assets.xcassets in Resources */ = {isa = PBXBuildFile; fileRef = 1C41029D2E5867390026066E /* Assets.xcassets */; };
		1C4102A72E5869620026066E /* User.swift in Sources */ = {isa = PBXBuildFile; fileRef = 1C4102A62E5869620026066E /* User.swift */; };
		1C4102A92E58697D0026066E /* Repository.swift in Sources */ = {isa = PBXBuildFile; fileRef = 1C4102A82E58697D0026066E /* Repository.swift */; };
		1C4102AB2E5869B50026066E /* Bundle+JSON.swift in Sources */ = {isa = PBXBuildFile; fileRef = 1C4102AA2E5869B50026066E /* Bundle+JSON.swift */; };
		1C4102AD2E5869CF0026066E /* String+URlTemplate.swift in Sources */ = {isa = PBXBuildFile; fileRef = 1C4102AC2E5869CF0026066E /* String+URlTemplate.swift */; };
		1C4102AF2E586A080026066E /* octocat.json in Resources */ = {isa = PBXBuildFile; fileRef = 1C4102AE2E586A080026066E /* octocat.json */; };
		1C4102B12E586A310026066E /* Preview.swift in Sources */ = {isa = PBXBuildFile; fileRef = 1C4102B02E586A310026066E /* Preview.swift */; };
		1C4102B32E586A6D0026066E /* AvatarImage.swift in Sources */ = {isa = PBXBuildFile; fileRef = 1C4102B22E586A6D0026066E /* AvatarImage.swift */; };
		1C4102D52E5894170026066E /* ProfileView.swift in Sources */ = {isa = PBXBuildFile; fileRef = 1C4102D42E5894170026066E /* ProfileView.swift */; };
		1C4102D62E58A1940026066E /* User.swift in Sources */ = {isa = PBXBuildFile; fileRef = 1C4102A62E5869620026066E /* User.swift */; };
		1C4102D72E58A1B30026066E /* Preview.swift in Sources */ = {isa = PBXBuildFile; fileRef = 1C4102B02E586A310026066E /* Preview.swift */; };
		1C4102D82E58A1F60026066E /* octocat.json in Resources */ = {isa = PBXBuildFile; fileRef = 1C4102AE2E586A080026066E /* octocat.json */; };
		1C4102D92E58A2190026066E /* Bundle+JSON.swift in Sources */ = {isa = PBXBuildFile; fileRef = 1C4102AA2E5869B50026066E /* Bundle+JSON.swift */; };
		1C4102DB2E58A35E0026066E /* User+debugDescr.swift in Sources */ = {isa = PBXBuildFile; fileRef = 1C4102DA2E58A35E0026066E /* User+debugDescr.swift */; };
		1C4102DC2E58A35E0026066E /* User+debugDescr.swift in Sources */ = {isa = PBXBuildFile; fileRef = 1C4102DA2E58A35E0026066E /* User+debugDescr.swift */; };
		1C4103402E58AB390026066E /* ErrorMessages.swift in Sources */ = {isa = PBXBuildFile; fileRef = 1C41033F2E58AB390026066E /* ErrorMessages.swift */; };
		1C4103442E58B4410026066E /* ErrorMessages.swift in Sources */ = {isa = PBXBuildFile; fileRef = 1C41033F2E58AB390026066E /* ErrorMessages.swift */; };
		1C4103702E599A8A0026066E /* Extensions.swift in Sources */ = {isa = PBXBuildFile; fileRef = 1C41036F2E599A8A0026066E /* Extensions.swift */; };
/* End PBXBuildFile section */

/* Begin PBXContainerItemProxy section */
		1C4102812E58642D0026066E /* PBXContainerItemProxy */ = {
			isa = PBXContainerItemProxy;
			containerPortal = 1C41026A2E58642C0026066E /* Project object */;
			proxyType = 1;
			remoteGlobalIDString = 1C4102712E58642C0026066E;
			remoteInfo = RepoS;
		};
		1C41028B2E58642D0026066E /* PBXContainerItemProxy */ = {
			isa = PBXContainerItemProxy;
			containerPortal = 1C41026A2E58642C0026066E /* Project object */;
			proxyType = 1;
			remoteGlobalIDString = 1C4102712E58642C0026066E;
			remoteInfo = RepoS;
		};
/* End PBXContainerItemProxy section */

/* Begin PBXFileReference section */
		1C4102722E58642C0026066E /* RepoS.app */ = {isa = PBXFileReference; explicitFileType = wrapper.application; includeInIndex = 0; path = RepoS.app; sourceTree = BUILT_PRODUCTS_DIR; };
		1C4102802E58642D0026066E /* RepoSTests.xctest */ = {isa = PBXFileReference; explicitFileType = wrapper.cfbundle; includeInIndex = 0; path = RepoSTests.xctest; sourceTree = BUILT_PRODUCTS_DIR; };
		1C41028A2E58642D0026066E /* RepoSUITests.xctest */ = {isa = PBXFileReference; explicitFileType = wrapper.cfbundle; includeInIndex = 0; path = RepoSUITests.xctest; sourceTree = BUILT_PRODUCTS_DIR; };
		1C41029D2E5867390026066E /* Assets.xcassets */ = {isa = PBXFileReference; lastKnownFileType = folder.assetcatalog; path = Assets.xcassets; sourceTree = "<group>"; };
		1C41029E2E5867390026066E /* ContentView.swift */ = {isa = PBXFileReference; lastKnownFileType = sourcecode.swift; path = ContentView.swift; sourceTree = "<group>"; };
		1C41029F2E5867390026066E /* RepoS.entitlements */ = {isa = PBXFileReference; lastKnownFileType = text.plist.entitlements; path = RepoS.entitlements; sourceTree = "<group>"; };
		1C4102A02E5867390026066E /* RepoSApp.swift */ = {isa = PBXFileReference; lastKnownFileType = sourcecode.swift; path = RepoSApp.swift; sourceTree = "<group>"; };
		1C4102A62E5869620026066E /* User.swift */ = {isa = PBXFileReference; lastKnownFileType = sourcecode.swift; path = User.swift; sourceTree = "<group>"; };
		1C4102A82E58697D0026066E /* Repository.swift */ = {isa = PBXFileReference; lastKnownFileType = sourcecode.swift; path = Repository.swift; sourceTree = "<group>"; };
		1C4102AA2E5869B50026066E /* Bundle+JSON.swift */ = {isa = PBXFileReference; lastKnownFileType = sourcecode.swift; path = "Bundle+JSON.swift"; sourceTree = "<group>"; };
		1C4102AC2E5869CF0026066E /* String+URlTemplate.swift */ = {isa = PBXFileReference; lastKnownFileType = sourcecode.swift; path = "String+URlTemplate.swift"; sourceTree = "<group>"; };
		1C4102AE2E586A080026066E /* octocat.json */ = {isa = PBXFileReference; lastKnownFileType = text.json; path = octocat.json; sourceTree = "<group>"; };
		1C4102B02E586A310026066E /* Preview.swift */ = {isa = PBXFileReference; lastKnownFileType = sourcecode.swift; path = Preview.swift; sourceTree = "<group>"; };
		1C4102B22E586A6D0026066E /* AvatarImage.swift */ = {isa = PBXFileReference; lastKnownFileType = sourcecode.swift; path = AvatarImage.swift; sourceTree = "<group>"; };
		1C4102D42E5894170026066E /* ProfileView.swift */ = {isa = PBXFileReference; lastKnownFileType = sourcecode.swift; path = ProfileView.swift; sourceTree = "<group>"; };
		1C4102DA2E58A35E0026066E /* User+debugDescr.swift */ = {isa = PBXFileReference; lastKnownFileType = sourcecode.swift; path = "User+debugDescr.swift"; sourceTree = "<group>"; };
		1C41033F2E58AB390026066E /* ErrorMessages.swift */ = {isa = PBXFileReference; lastKnownFileType = sourcecode.swift; path = ErrorMessages.swift; sourceTree = "<group>"; };
		1C41036F2E599A8A0026066E /* Extensions.swift */ = {isa = PBXFileReference; lastKnownFileType = sourcecode.swift; path = Extensions.swift; sourceTree = "<group>"; };
/* End PBXFileReference section */

/* Begin PBXFileSystemSynchronizedRootGroup section */
		1C4102832E58642D0026066E /* RepoSTests */ = {
			isa = PBXFileSystemSynchronizedRootGroup;
			path = RepoSTests;
			sourceTree = "<group>";
		};
		1C41028D2E58642D0026066E /* RepoSUITests */ = {
			isa = PBXFileSystemSynchronizedRootGroup;
			path = RepoSUITests;
			sourceTree = "<group>";
		};
/* End PBXFileSystemSynchronizedRootGroup section */

/* Begin PBXFrameworksBuildPhase section */
		1C41026F2E58642C0026066E /* Frameworks */ = {
			isa = PBXFrameworksBuildPhase;
			buildActionMask = 2147483647;
			files = (
			);
			runOnlyForDeploymentPostprocessing = 0;
		};
		1C41027D2E58642D0026066E /* Frameworks */ = {
			isa = PBXFrameworksBuildPhase;
			buildActionMask = 2147483647;
			files = (
			);
			runOnlyForDeploymentPostprocessing = 0;
		};
		1C4102872E58642D0026066E /* Frameworks */ = {
			isa = PBXFrameworksBuildPhase;
			buildActionMask = 2147483647;
			files = (
			);
			runOnlyForDeploymentPostprocessing = 0;
		};
/* End PBXFrameworksBuildPhase section */

/* Begin PBXGroup section */
		1C4102692E58642C0026066E = {
			isa = PBXGroup;
			children = (
				1C4102A12E5867390026066E /* RepoS */,
				1C4102832E58642D0026066E /* RepoSTests */,
				1C41028D2E58642D0026066E /* RepoSUITests */,
				1C4102732E58642C0026066E /* Products */,
			);
			sourceTree = "<group>";
		};
		1C4102732E58642C0026066E /* Products */ = {
			isa = PBXGroup;
			children = (
				1C4102722E58642C0026066E /* RepoS.app */,
				1C4102802E58642D0026066E /* RepoSTests.xctest */,
				1C41028A2E58642D0026066E /* RepoSUITests.xctest */,
			);
			name = Products;
			sourceTree = "<group>";
		};
		1C4102A12E5867390026066E /* RepoS */ = {
			isa = PBXGroup;
			children = (
				1C41036F2E599A8A0026066E /* Extensions.swift */,
				1C41033F2E58AB390026066E /* ErrorMessages.swift */,
				1C41029D2E5867390026066E /* Assets.xcassets */,
				1C4102B22E586A6D0026066E /* AvatarImage.swift */,
				1C4102AA2E5869B50026066E /* Bundle+JSON.swift */,
				1C41029E2E5867390026066E /* ContentView.swift */,
				1C4102A52E5867680026066E /* Preview Content */,
				1C4102D42E5894170026066E /* ProfileView.swift */,
				1C41029F2E5867390026066E /* RepoS.entitlements */,
				1C4102A02E5867390026066E /* RepoSApp.swift */,
				1C4102A82E58697D0026066E /* Repository.swift */,
				1C4102AC2E5869CF0026066E /* String+URlTemplate.swift */,
				1C4102A62E5869620026066E /* User.swift */,
				1C4102DA2E58A35E0026066E /* User+debugDescr.swift */,
			);
			path = RepoS;
			sourceTree = "<group>";
		};
		1C4102A52E5867680026066E /* Preview Content */ = {
			isa = PBXGroup;
			children = (
				1C4102B02E586A310026066E /* Preview.swift */,
				1C4102AE2E586A080026066E /* octocat.json */,
			);
			path = "Preview Content";
			sourceTree = "<group>";
		};
/* End PBXGroup section */

/* Begin PBXNativeTarget section */
		1C4102712E58642C0026066E /* RepoS */ = {
			isa = PBXNativeTarget;
			buildConfigurationList = 1C4102942E58642D0026066E /* Build configuration list for PBXNativeTarget "RepoS" */;
			buildPhases = (
				1C41026E2E58642C0026066E /* Sources */,
				1C41026F2E58642C0026066E /* Frameworks */,
				1C4102702E58642C0026066E /* Resources */,
			);
			buildRules = (
			);
			dependencies = (
			);
			name = RepoS;
			packageProductDependencies = (
			);
			productName = RepoS;
			productReference = 1C4102722E58642C0026066E /* RepoS.app */;
			productType = "com.apple.product-type.application";
		};
		1C41027F2E58642D0026066E /* RepoSTests */ = {
			isa = PBXNativeTarget;
			buildConfigurationList = 1C4102972E58642D0026066E /* Build configuration list for PBXNativeTarget "RepoSTests" */;
			buildPhases = (
				1C41027C2E58642D0026066E /* Sources */,
				1C41027D2E58642D0026066E /* Frameworks */,
				1C41027E2E58642D0026066E /* Resources */,
			);
			buildRules = (
			);
			dependencies = (
				1C4102822E58642D0026066E /* PBXTargetDependency */,
			);
			fileSystemSynchronizedGroups = (
				1C4102832E58642D0026066E /* RepoSTests */,
			);
			name = RepoSTests;
			packageProductDependencies = (
			);
			productName = RepoSTests;
			productReference = 1C4102802E58642D0026066E /* RepoSTests.xctest */;
			productType = "com.apple.product-type.bundle.unit-test";
		};
		1C4102892E58642D0026066E /* RepoSUITests */ = {
			isa = PBXNativeTarget;
			buildConfigurationList = 1C41029A2E58642D0026066E /* Build configuration list for PBXNativeTarget "RepoSUITests" */;
			buildPhases = (
				1C4102862E58642D0026066E /* Sources */,
				1C4102872E58642D0026066E /* Frameworks */,
				1C4102882E58642D0026066E /* Resources */,
			);
			buildRules = (
			);
			dependencies = (
				1C41028C2E58642D0026066E /* PBXTargetDependency */,
			);
			fileSystemSynchronizedGroups = (
				1C41028D2E58642D0026066E /* RepoSUITests */,
			);
			name = RepoSUITests;
			packageProductDependencies = (
			);
			productName = RepoSUITests;
			productReference = 1C41028A2E58642D0026066E /* RepoSUITests.xctest */;
			productType = "com.apple.product-type.bundle.ui-testing";
		};
/* End PBXNativeTarget section */

/* Begin PBXProject section */
		1C41026A2E58642C0026066E /* Project object */ = {
			isa = PBXProject;
			attributes = {
				BuildIndependentTargetsInParallel = 1;
				LastSwiftUpdateCheck = 1640;
				LastUpgradeCheck = 1640;
				TargetAttributes = {
					1C4102712E58642C0026066E = {
						CreatedOnToolsVersion = 16.4;
					};
					1C41027F2E58642D0026066E = {
						CreatedOnToolsVersion = 16.4;
						TestTargetID = 1C4102712E58642C0026066E;
					};
					1C4102892E58642D0026066E = {
						CreatedOnToolsVersion = 16.4;
						TestTargetID = 1C4102712E58642C0026066E;
					};
				};
			};
			buildConfigurationList = 1C41026D2E58642C0026066E /* Build configuration list for PBXProject "RepoS" */;
			developmentRegion = en;
			hasScannedForEncodings = 0;
			knownRegions = (
				en,
				Base,
			);
			mainGroup = 1C4102692E58642C0026066E;
			minimizedProjectReferenceProxies = 1;
			preferredProjectObjectVersion = 77;
			productRefGroup = 1C4102732E58642C0026066E /* Products */;
			projectDirPath = "";
			projectRoot = "";
			targets = (
				1C4102712E58642C0026066E /* RepoS */,
				1C41027F2E58642D0026066E /* RepoSTests */,
				1C4102892E58642D0026066E /* RepoSUITests */,
			);
		};
/* End PBXProject section */

/* Begin PBXResourcesBuildPhase section */
		1C4102702E58642C0026066E /* Resources */ = {
			isa = PBXResourcesBuildPhase;
			buildActionMask = 2147483647;
			files = (
				1C4102AF2E586A080026066E /* octocat.json in Resources */,
				1C4102A42E5867390026066E /* Assets.xcassets in Resources */,
			);
			runOnlyForDeploymentPostprocessing = 0;
		};
		1C41027E2E58642D0026066E /* Resources */ = {
			isa = PBXResourcesBuildPhase;
			buildActionMask = 2147483647;
			files = (
				1C4102D82E58A1F60026066E /* octocat.json in Resources */,
			);
			runOnlyForDeploymentPostprocessing = 0;
		};
		1C4102882E58642D0026066E /* Resources */ = {
			isa = PBXResourcesBuildPhase;
			buildActionMask = 2147483647;
			files = (
			);
			runOnlyForDeploymentPostprocessing = 0;
		};
/* End PBXResourcesBuildPhase section */

/* Begin PBXSourcesBuildPhase section */
		1C41026E2E58642C0026066E /* Sources */ = {
			isa = PBXSourcesBuildPhase;
			buildActionMask = 2147483647;
			files = (
				1C4102AB2E5869B50026066E /* Bundle+JSON.swift in Sources */,
				1C4103702E599A8A0026066E /* Extensions.swift in Sources */,
				1C4102D52E5894170026066E /* ProfileView.swift in Sources */,
				1C4102AD2E5869CF0026066E /* String+URlTemplate.swift in Sources */,
				1C4102B12E586A310026066E /* Preview.swift in Sources */,
				1C4102A22E5867390026066E /* ContentView.swift in Sources */,
				1C4102DB2E58A35E0026066E /* User+debugDescr.swift in Sources */,
				1C4103402E58AB390026066E /* ErrorMessages.swift in Sources */,
				1C4102A32E5867390026066E /* RepoSApp.swift in Sources */,
				1C4102A72E5869620026066E /* User.swift in Sources */,
				1C4102B32E586A6D0026066E /* AvatarImage.swift in Sources */,
				1C4102A92E58697D0026066E /* Repository.swift in Sources */,
			);
			runOnlyForDeploymentPostprocessing = 0;
		};
		1C41027C2E58642D0026066E /* Sources */ = {
			isa = PBXSourcesBuildPhase;
			buildActionMask = 2147483647;
			files = (
				1C4102DC2E58A35E0026066E /* User+debugDescr.swift in Sources */,
				1C4102D62E58A1940026066E /* User.swift in Sources */,
				1C4103442E58B4410026066E /* ErrorMessages.swift in Sources */,
				1C4102D72E58A1B30026066E /* Preview.swift in Sources */,
				1C4102D92E58A2190026066E /* Bundle+JSON.swift in Sources */,
			);
			runOnlyForDeploymentPostprocessing = 0;
		};
		1C4102862E58642D0026066E /* Sources */ = {
			isa = PBXSourcesBuildPhase;
			buildActionMask = 2147483647;
			files = (
			);
			runOnlyForDeploymentPostprocessing = 0;
		};
/* End PBXSourcesBuildPhase section */

/* Begin PBXTargetDependency section */
		1C4102822E58642D0026066E /* PBXTargetDependency */ = {
			isa = PBXTargetDependency;
			target = 1C4102712E58642C0026066E /* RepoS */;
			targetProxy = 1C4102812E58642D0026066E /* PBXContainerItemProxy */;
		};
		1C41028C2E58642D0026066E /* PBXTargetDependency */ = {
			isa = PBXTargetDependency;
			target = 1C4102712E58642C0026066E /* RepoS */;
			targetProxy = 1C41028B2E58642D0026066E /* PBXContainerItemProxy */;
		};
/* End PBXTargetDependency section */

/* Begin XCBuildConfiguration section */
		1C4102922E58642D0026066E /* Debug */ = {
			isa = XCBuildConfiguration;
			buildSettings = {
				ALWAYS_SEARCH_USER_PATHS = NO;
				ASSETCATALOG_COMPILER_GENERATE_SWIFT_ASSET_SYMBOL_EXTENSIONS = YES;
				CLANG_ANALYZER_NONNULL = YES;
				CLANG_ANALYZER_NUMBER_OBJECT_CONVERSION = YES_AGGRESSIVE;
				CLANG_CXX_LANGUAGE_STANDARD = "gnu++20";
				CLANG_ENABLE_MODULES = YES;
				CLANG_ENABLE_OBJC_ARC = YES;
				CLANG_ENABLE_OBJC_WEAK = YES;
				CLANG_WARN_BLOCK_CAPTURE_AUTORELEASING = YES;
				CLANG_WARN_BOOL_CONVERSION = YES;
				CLANG_WARN_COMMA = YES;
				CLANG_WARN_CONSTANT_CONVERSION = YES;
				CLANG_WARN_DEPRECATED_OBJC_IMPLEMENTATIONS = YES;
				CLANG_WARN_DIRECT_OBJC_ISA_USAGE = YES_ERROR;
				CLANG_WARN_DOCUMENTATION_COMMENTS = YES;
				CLANG_WARN_EMPTY_BODY = YES;
				CLANG_WARN_ENUM_CONVERSION = YES;
				CLANG_WARN_INFINITE_RECURSION = YES;
				CLANG_WARN_INT_CONVERSION = YES;
				CLANG_WARN_NON_LITERAL_NULL_CONVERSION = YES;
				CLANG_WARN_OBJC_IMPLICIT_RETAIN_SELF = YES;
				CLANG_WARN_OBJC_LITERAL_CONVERSION = YES;
				CLANG_WARN_OBJC_ROOT_CLASS = YES_ERROR;
				CLANG_WARN_QUOTED_INCLUDE_IN_FRAMEWORK_HEADER = YES;
				CLANG_WARN_RANGE_LOOP_ANALYSIS = YES;
				CLANG_WARN_STRICT_PROTOTYPES = YES;
				CLANG_WARN_SUSPICIOUS_MOVE = YES;
				CLANG_WARN_UNGUARDED_AVAILABILITY = YES_AGGRESSIVE;
				CLANG_WARN_UNREACHABLE_CODE = YES;
				CLANG_WARN__DUPLICATE_METHOD_MATCH = YES;
				COPY_PHASE_STRIP = NO;
				DEBUG_INFORMATION_FORMAT = dwarf;
				DEVELOPMENT_TEAM = 6N4C68Q469;
				ENABLE_STRICT_OBJC_MSGSEND = YES;
				ENABLE_TESTABILITY = YES;
				ENABLE_USER_SCRIPT_SANDBOXING = YES;
				GCC_C_LANGUAGE_STANDARD = gnu17;
				GCC_DYNAMIC_NO_PIC = NO;
				GCC_NO_COMMON_BLOCKS = YES;
				GCC_OPTIMIZATION_LEVEL = 0;
				GCC_PREPROCESSOR_DEFINITIONS = (
					"DEBUG=1",
					"$(inherited)",
				);
				GCC_WARN_64_TO_32_BIT_CONVERSION = YES;
				GCC_WARN_ABOUT_RETURN_TYPE = YES_ERROR;
				GCC_WARN_UNDECLARED_SELECTOR = YES;
				GCC_WARN_UNINITIALIZED_AUTOS = YES_AGGRESSIVE;
				GCC_WARN_UNUSED_FUNCTION = YES;
				GCC_WARN_UNUSED_VARIABLE = YES;
				LOCALIZATION_PREFERS_STRING_CATALOGS = YES;
				MTL_ENABLE_DEBUG_INFO = INCLUDE_SOURCE;
				MTL_FAST_MATH = YES;
				ONLY_ACTIVE_ARCH = YES;
				SWIFT_ACTIVE_COMPILATION_CONDITIONS = "DEBUG $(inherited)";
				SWIFT_OPTIMIZATION_LEVEL = "-Onone";
			};
			name = Debug;
		};
		1C4102932E58642D0026066E /* Release */ = {
			isa = XCBuildConfiguration;
			buildSettings = {
				ALWAYS_SEARCH_USER_PATHS = NO;
				ASSETCATALOG_COMPILER_GENERATE_SWIFT_ASSET_SYMBOL_EXTENSIONS = YES;
				CLANG_ANALYZER_NONNULL = YES;
				CLANG_ANALYZER_NUMBER_OBJECT_CONVERSION = YES_AGGRESSIVE;
				CLANG_CXX_LANGUAGE_STANDARD = "gnu++20";
				CLANG_ENABLE_MODULES = YES;
				CLANG_ENABLE_OBJC_ARC = YES;
				CLANG_ENABLE_OBJC_WEAK = YES;
				CLANG_WARN_BLOCK_CAPTURE_AUTORELEASING = YES;
				CLANG_WARN_BOOL_CONVERSION = YES;
				CLANG_WARN_COMMA = YES;
				CLANG_WARN_CONSTANT_CONVERSION = YES;
				CLANG_WARN_DEPRECATED_OBJC_IMPLEMENTATIONS = YES;
				CLANG_WARN_DIRECT_OBJC_ISA_USAGE = YES_ERROR;
				CLANG_WARN_DOCUMENTATION_COMMENTS = YES;
				CLANG_WARN_EMPTY_BODY = YES;
				CLANG_WARN_ENUM_CONVERSION = YES;
				CLANG_WARN_INFINITE_RECURSION = YES;
				CLANG_WARN_INT_CONVERSION = YES;
				CLANG_WARN_NON_LITERAL_NULL_CONVERSION = YES;
				CLANG_WARN_OBJC_IMPLICIT_RETAIN_SELF = YES;
				CLANG_WARN_OBJC_LITERAL_CONVERSION = YES;
				CLANG_WARN_OBJC_ROOT_CLASS = YES_ERROR;
				CLANG_WARN_QUOTED_INCLUDE_IN_FRAMEWORK_HEADER = YES;
				CLANG_WARN_RANGE_LOOP_ANALYSIS = YES;
				CLANG_WARN_STRICT_PROTOTYPES = YES;
				CLANG_WARN_SUSPICIOUS_MOVE = YES;
				CLANG_WARN_UNGUARDED_AVAILABILITY = YES_AGGRESSIVE;
				CLANG_WARN_UNREACHABLE_CODE = YES;
				CLANG_WARN__DUPLICATE_METHOD_MATCH = YES;
				COPY_PHASE_STRIP = NO;
				DEBUG_INFORMATION_FORMAT = "dwarf-with-dsym";
				DEVELOPMENT_TEAM = 6N4C68Q469;
				ENABLE_NS_ASSERTIONS = NO;
				ENABLE_STRICT_OBJC_MSGSEND = YES;
				ENABLE_USER_SCRIPT_SANDBOXING = YES;
				GCC_C_LANGUAGE_STANDARD = gnu17;
				GCC_NO_COMMON_BLOCKS = YES;
				GCC_WARN_64_TO_32_BIT_CONVERSION = YES;
				GCC_WARN_ABOUT_RETURN_TYPE = YES_ERROR;
				GCC_WARN_UNDECLARED_SELECTOR = YES;
				GCC_WARN_UNINITIALIZED_AUTOS = YES_AGGRESSIVE;
				GCC_WARN_UNUSED_FUNCTION = YES;
				GCC_WARN_UNUSED_VARIABLE = YES;
				LOCALIZATION_PREFERS_STRING_CATALOGS = YES;
				MTL_ENABLE_DEBUG_INFO = NO;
				MTL_FAST_MATH = YES;
				SWIFT_COMPILATION_MODE = wholemodule;
			};
			name = Release;
		};
		1C4102952E58642D0026066E /* Debug */ = {
			isa = XCBuildConfiguration;
			buildSettings = {
				ASSETCATALOG_COMPILER_APPICON_NAME = AppIcon;
				ASSETCATALOG_COMPILER_GLOBAL_ACCENT_COLOR_NAME = AccentColor;
				CODE_SIGN_ENTITLEMENTS = RepoS/RepoS.entitlements;
				CODE_SIGN_STYLE = Automatic;
				CURRENT_PROJECT_VERSION = 1;
				DEVELOPMENT_TEAM = 6N4C68Q469;
				ENABLE_HARDENED_RUNTIME = YES;
				ENABLE_PREVIEWS = YES;
				GENERATE_INFOPLIST_FILE = YES;
				"INFOPLIST_KEY_UIApplicationSceneManifest_Generation[sdk=iphoneos*]" = YES;
				"INFOPLIST_KEY_UIApplicationSceneManifest_Generation[sdk=iphonesimulator*]" = YES;
				"INFOPLIST_KEY_UIApplicationSupportsIndirectInputEvents[sdk=iphoneos*]" = YES;
				"INFOPLIST_KEY_UIApplicationSupportsIndirectInputEvents[sdk=iphonesimulator*]" = YES;
				"INFOPLIST_KEY_UILaunchScreen_Generation[sdk=iphoneos*]" = YES;
				"INFOPLIST_KEY_UILaunchScreen_Generation[sdk=iphonesimulator*]" = YES;
				"INFOPLIST_KEY_UIStatusBarStyle[sdk=iphoneos*]" = UIStatusBarStyleDefault;
				"INFOPLIST_KEY_UIStatusBarStyle[sdk=iphonesimulator*]" = UIStatusBarStyleDefault;
				INFOPLIST_KEY_UISupportedInterfaceOrientations_iPad = "UIInterfaceOrientationPortrait UIInterfaceOrientationPortraitUpsideDown UIInterfaceOrientationLandscapeLeft UIInterfaceOrientationLandscapeRight";
				INFOPLIST_KEY_UISupportedInterfaceOrientations_iPhone = "UIInterfaceOrientationPortrait UIInterfaceOrientationLandscapeLeft UIInterfaceOrientationLandscapeRight";
				IPHONEOS_DEPLOYMENT_TARGET = 18.5;
				LD_RUNPATH_SEARCH_PATHS = "@executable_path/Frameworks";
				"LD_RUNPATH_SEARCH_PATHS[sdk=macosx*]" = "@executable_path/../Frameworks";
				MACOSX_DEPLOYMENT_TARGET = 15.5;
				MARKETING_VERSION = 1.0;
				PRODUCT_BUNDLE_IDENTIFIER = www.galia.be.RepoS;
				PRODUCT_NAME = "$(TARGET_NAME)";
				REGISTER_APP_GROUPS = YES;
				SDKROOT = auto;
				SUPPORTED_PLATFORMS = "iphoneos iphonesimulator macosx xros xrsimulator";
				SWIFT_EMIT_LOC_STRINGS = YES;
				SWIFT_VERSION = 5.0;
				TARGETED_DEVICE_FAMILY = "1,2,7";
				XROS_DEPLOYMENT_TARGET = 2.5;
			};
			name = Debug;
		};
		1C4102962E58642D0026066E /* Release */ = {
			isa = XCBuildConfiguration;
			buildSettings = {
				ASSETCATALOG_COMPILER_APPICON_NAME = AppIcon;
				ASSETCATALOG_COMPILER_GLOBAL_ACCENT_COLOR_NAME = AccentColor;
				CODE_SIGN_ENTITLEMENTS = RepoS/RepoS.entitlements;
				CODE_SIGN_STYLE = Automatic;
				CURRENT_PROJECT_VERSION = 1;
				DEVELOPMENT_TEAM = 6N4C68Q469;
				ENABLE_HARDENED_RUNTIME = YES;
				ENABLE_PREVIEWS = YES;
				GENERATE_INFOPLIST_FILE = YES;
				"INFOPLIST_KEY_UIApplicationSceneManifest_Generation[sdk=iphoneos*]" = YES;
				"INFOPLIST_KEY_UIApplicationSceneManifest_Generation[sdk=iphonesimulator*]" = YES;
				"INFOPLIST_KEY_UIApplicationSupportsIndirectInputEvents[sdk=iphoneos*]" = YES;
				"INFOPLIST_KEY_UIApplicationSupportsIndirectInputEvents[sdk=iphonesimulator*]" = YES;
				"INFOPLIST_KEY_UILaunchScreen_Generation[sdk=iphoneos*]" = YES;
				"INFOPLIST_KEY_UILaunchScreen_Generation[sdk=iphonesimulator*]" = YES;
				"INFOPLIST_KEY_UIStatusBarStyle[sdk=iphoneos*]" = UIStatusBarStyleDefault;
				"INFOPLIST_KEY_UIStatusBarStyle[sdk=iphonesimulator*]" = UIStatusBarStyleDefault;
				INFOPLIST_KEY_UISupportedInterfaceOrientations_iPad = "UIInterfaceOrientationPortrait UIInterfaceOrientationPortraitUpsideDown UIInterfaceOrientationLandscapeLeft UIInterfaceOrientationLandscapeRight";
				INFOPLIST_KEY_UISupportedInterfaceOrientations_iPhone = "UIInterfaceOrientationPortrait UIInterfaceOrientationLandscapeLeft UIInterfaceOrientationLandscapeRight";
				IPHONEOS_DEPLOYMENT_TARGET = 18.5;
				LD_RUNPATH_SEARCH_PATHS = "@executable_path/Frameworks";
				"LD_RUNPATH_SEARCH_PATHS[sdk=macosx*]" = "@executable_path/../Frameworks";
				MACOSX_DEPLOYMENT_TARGET = 15.5;
				MARKETING_VERSION = 1.0;
				PRODUCT_BUNDLE_IDENTIFIER = www.galia.be.RepoS;
				PRODUCT_NAME = "$(TARGET_NAME)";
				REGISTER_APP_GROUPS = YES;
				SDKROOT = auto;
				SUPPORTED_PLATFORMS = "iphoneos iphonesimulator macosx xros xrsimulator";
				SWIFT_EMIT_LOC_STRINGS = YES;
				SWIFT_VERSION = 5.0;
				TARGETED_DEVICE_FAMILY = "1,2,7";
				XROS_DEPLOYMENT_TARGET = 2.5;
			};
			name = Release;
		};
		1C4102982E58642D0026066E /* Debug */ = {
			isa = XCBuildConfiguration;
			buildSettings = {
				BUNDLE_LOADER = "$(TEST_HOST)";
				CODE_SIGN_STYLE = Automatic;
				CURRENT_PROJECT_VERSION = 1;
				DEVELOPMENT_TEAM = 6N4C68Q469;
				GENERATE_INFOPLIST_FILE = YES;
				IPHONEOS_DEPLOYMENT_TARGET = 18.5;
				MACOSX_DEPLOYMENT_TARGET = 15.5;
				MARKETING_VERSION = 1.0;
				PRODUCT_BUNDLE_IDENTIFIER = www.galia.be.RepoSTests;
				PRODUCT_NAME = "$(TARGET_NAME)";
				SDKROOT = auto;
				SUPPORTED_PLATFORMS = "iphoneos iphonesimulator macosx xros xrsimulator";
				SWIFT_EMIT_LOC_STRINGS = NO;
				SWIFT_VERSION = 5.0;
				TARGETED_DEVICE_FAMILY = "1,2,7";
				TEST_HOST = "$(BUILT_PRODUCTS_DIR)/RepoS.app/$(BUNDLE_EXECUTABLE_FOLDER_PATH)/RepoS";
				XROS_DEPLOYMENT_TARGET = 2.5;
			};
			name = Debug;
		};
		1C4102992E58642D0026066E /* Release */ = {
			isa = XCBuildConfiguration;
			buildSettings = {
				BUNDLE_LOADER = "$(TEST_HOST)";
				CODE_SIGN_STYLE = Automatic;
				CURRENT_PROJECT_VERSION = 1;
				DEVELOPMENT_TEAM = 6N4C68Q469;
				GENERATE_INFOPLIST_FILE = YES;
				IPHONEOS_DEPLOYMENT_TARGET = 18.5;
				MACOSX_DEPLOYMENT_TARGET = 15.5;
				MARKETING_VERSION = 1.0;
				PRODUCT_BUNDLE_IDENTIFIER = www.galia.be.RepoSTests;
				PRODUCT_NAME = "$(TARGET_NAME)";
				SDKROOT = auto;
				SUPPORTED_PLATFORMS = "iphoneos iphonesimulator macosx xros xrsimulator";
				SWIFT_EMIT_LOC_STRINGS = NO;
				SWIFT_VERSION = 5.0;
				TARGETED_DEVICE_FAMILY = "1,2,7";
				TEST_HOST = "$(BUILT_PRODUCTS_DIR)/RepoS.app/$(BUNDLE_EXECUTABLE_FOLDER_PATH)/RepoS";
				XROS_DEPLOYMENT_TARGET = 2.5;
			};
			name = Release;
		};
		1C41029B2E58642D0026066E /* Debug */ = {
			isa = XCBuildConfiguration;
			buildSettings = {
				CODE_SIGN_STYLE = Automatic;
				CURRENT_PROJECT_VERSION = 1;
				DEVELOPMENT_TEAM = 6N4C68Q469;
				GENERATE_INFOPLIST_FILE = YES;
				IPHONEOS_DEPLOYMENT_TARGET = 18.5;
				MACOSX_DEPLOYMENT_TARGET = 15.5;
				MARKETING_VERSION = 1.0;
				PRODUCT_BUNDLE_IDENTIFIER = www.galia.be.RepoSUITests;
				PRODUCT_NAME = "$(TARGET_NAME)";
				SDKROOT = auto;
				SUPPORTED_PLATFORMS = "iphoneos iphonesimulator macosx xros xrsimulator";
				SWIFT_EMIT_LOC_STRINGS = NO;
				SWIFT_VERSION = 5.0;
				TARGETED_DEVICE_FAMILY = "1,2,7";
				TEST_TARGET_NAME = RepoS;
				XROS_DEPLOYMENT_TARGET = 2.5;
			};
			name = Debug;
		};
		1C41029C2E58642D0026066E /* Release */ = {
			isa = XCBuildConfiguration;
			buildSettings = {
				CODE_SIGN_STYLE = Automatic;
				CURRENT_PROJECT_VERSION = 1;
				DEVELOPMENT_TEAM = 6N4C68Q469;
				GENERATE_INFOPLIST_FILE = YES;
				IPHONEOS_DEPLOYMENT_TARGET = 18.5;
				MACOSX_DEPLOYMENT_TARGET = 15.5;
				MARKETING_VERSION = 1.0;
				PRODUCT_BUNDLE_IDENTIFIER = www.galia.be.RepoSUITests;
				PRODUCT_NAME = "$(TARGET_NAME)";
				SDKROOT = auto;
				SUPPORTED_PLATFORMS = "iphoneos iphonesimulator macosx xros xrsimulator";
				SWIFT_EMIT_LOC_STRINGS = NO;
				SWIFT_VERSION = 5.0;
				TARGETED_DEVICE_FAMILY = "1,2,7";
				TEST_TARGET_NAME = RepoS;
				XROS_DEPLOYMENT_TARGET = 2.5;
			};
			name = Release;
		};
/* End XCBuildConfiguration section */

/* Begin XCConfigurationList section */
		1C41026D2E58642C0026066E /* Build configuration list for PBXProject "RepoS" */ = {
			isa = XCConfigurationList;
			buildConfigurations = (
				1C4102922E58642D0026066E /* Debug */,
				1C4102932E58642D0026066E /* Release */,
			);
			defaultConfigurationIsVisible = 0;
			defaultConfigurationName = Release;
		};
		1C4102942E58642D0026066E /* Build configuration list for PBXNativeTarget "RepoS" */ = {
			isa = XCConfigurationList;
			buildConfigurations = (
				1C4102952E58642D0026066E /* Debug */,
				1C4102962E58642D0026066E /* Release */,
			);
			defaultConfigurationIsVisible = 0;
			defaultConfigurationName = Release;
		};
		1C4102972E58642D0026066E /* Build configuration list for PBXNativeTarget "RepoSTests" */ = {
			isa = XCConfigurationList;
			buildConfigurations = (
				1C4102982E58642D0026066E /* Debug */,
				1C4102992E58642D0026066E /* Release */,
			);
			defaultConfigurationIsVisible = 0;
			defaultConfigurationName = Release;
		};
		1C41029A2E58642D0026066E /* Build configuration list for PBXNativeTarget "RepoSUITests" */ = {
			isa = XCConfigurationList;
			buildConfigurations = (
				1C41029B2E58642D0026066E /* Debug */,
				1C41029C2E58642D0026066E /* Release */,
			);
			defaultConfigurationIsVisible = 0;
			defaultConfigurationName = Release;
		};
/* End XCConfigurationList section */
	};
	rootObject = 1C41026A2E58642C0026066E /* Project object */;
}
